
Microsoft Visual Studio Solution File, Format Version 12.00
# Visual Studio Version 16
VisualStudioVersion = 16.0.30114.105
MinimumVisualStudioVersion = 10.0.40219.1
Project("{8BC9CEB8-8B4A-11D0-8D11-00A0C91BC942}") = "PR_02_vetvenie", "PR_02_vetvenie\PR_02_vetvenie.vcxproj", "{48D5F3AA-CF1C-4711-ADDF-B561FF6BA52B}"
EndProject
Project("{8BC9CEB8-8B4A-11D0-8D11-00A0C91BC942}") = "PR_02seminar", "PR_02seminar\PR_02seminar.vcxproj", "{0D494225-5545-484D-BAA2-C08CBF5D8E08}"
EndProject
Project("{8BC9CEB8-8B4A-11D0-8D11-00A0C91BC942}") = "PR_03_funkcie", "PR_03_funkcie\PR_03_funkcie.vcxproj", "{0C626AF3-8071-4B20-9C58-FF74721E0278}"
EndProject
Project("{8BC9CEB8-8B4A-11D0-8D11-00A0C91BC942}") = "PR_03_seminar", "PR_03_seminar\PR_03_seminar.vcxproj", "{E7DF594C-8BA5-4066-9C84-3394492DDD7F}"
EndProject
Project("{8BC9CEB8-8B4A-11D0-8D11-00A0C91BC942}") = "PR_04_io", "PR_04_io\PR_04_io.vcxproj", "{5CCBD93D-454D-424E-8032-554E29111EE7}"
EndProject
Project("{8BC9CEB8-8B4A-11D0-8D11-00A0C91BC942}") = "PR_04_seminar", "PR_04_seminar\PR_04_seminar.vcxproj", "{EAE69B0C-2B7A-4767-A8A6-F8A0E69C57B9}"
EndProject
Project("{8BC9CEB8-8B4A-11D0-8D11-00A0C91BC942}") = "PR_05_ukazovatele", "PR_05_ukazovatele\PR_05_ukazovatele.vcxproj", "{09CAC60E-A4D4-41E6-9A95-FA8F1DBFEC79}"
EndProject
Project("{8BC9CEB8-8B4A-11D0-8D11-00A0C91BC942}") = "PR_05_seminar", "PR_05_seminar\PR_05_seminar.vcxproj", "{7AEC533C-CD2B-4BD0-A12B-FBDF096F1E78}"
EndProject
Global
	GlobalSection(SolutionConfigurationPlatforms) = preSolution
		Debug|x64 = Debug|x64
		Debug|x86 = Debug|x86
		Release|x64 = Release|x64
		Release|x86 = Release|x86
	EndGlobalSection
	GlobalSection(ProjectConfigurationPlatforms) = postSolution
		{48D5F3AA-CF1C-4711-ADDF-B561FF6BA52B}.Debug|x64.ActiveCfg = Debug|x64
		{48D5F3AA-CF1C-4711-ADDF-B561FF6BA52B}.Debug|x64.Build.0 = Debug|x64
		{48D5F3AA-CF1C-4711-ADDF-B561FF6BA52B}.Debug|x86.ActiveCfg = Debug|Win32
		{48D5F3AA-CF1C-4711-ADDF-B561FF6BA52B}.Debug|x86.Build.0 = Debug|Win32
		{48D5F3AA-CF1C-4711-ADDF-B561FF6BA52B}.Release|x64.ActiveCfg = Release|x64
		{48D5F3AA-CF1C-4711-ADDF-B561FF6BA52B}.Release|x64.Build.0 = Release|x64
		{48D5F3AA-CF1C-4711-ADDF-B561FF6BA52B}.Release|x86.ActiveCfg = Release|Win32
		{48D5F3AA-CF1C-4711-ADDF-B561FF6BA52B}.Release|x86.Build.0 = Release|Win32
		{0D494225-5545-484D-BAA2-C08CBF5D8E08}.Debug|x64.ActiveCfg = Debug|x64
		{0D494225-5545-484D-BAA2-C08CBF5D8E08}.Debug|x64.Build.0 = Debug|x64
		{0D494225-5545-484D-BAA2-C08CBF5D8E08}.Debug|x86.ActiveCfg = Debug|Win32
		{0D494225-5545-484D-BAA2-C08CBF5D8E08}.Debug|x86.Build.0 = Debug|Win32
		{0D494225-5545-484D-BAA2-C08CBF5D8E08}.Release|x64.ActiveCfg = Release|x64
		{0D494225-5545-484D-BAA2-C08CBF5D8E08}.Release|x64.Build.0 = Release|x64
		{0D494225-5545-484D-BAA2-C08CBF5D8E08}.Release|x86.ActiveCfg = Release|Win32
		{0D494225-5545-484D-BAA2-C08CBF5D8E08}.Release|x86.Build.0 = Release|Win32
		{0C626AF3-8071-4B20-9C58-FF74721E0278}.Debug|x64.ActiveCfg = Debug|x64
		{0C626AF3-8071-4B20-9C58-FF74721E0278}.Debug|x64.Build.0 = Debug|x64
		{0C626AF3-8071-4B20-9C58-FF74721E0278}.Debug|x86.ActiveCfg = Debug|Win32
		{0C626AF3-8071-4B20-9C58-FF74721E0278}.Debug|x86.Build.0 = Debug|Win32
		{0C626AF3-8071-4B20-9C58-FF74721E0278}.Release|x64.ActiveCfg = Release|x64
		{0C626AF3-8071-4B20-9C58-FF74721E0278}.Release|x64.Build.0 = Release|x64
		{0C626AF3-8071-4B20-9C58-FF74721E0278}.Release|x86.ActiveCfg = Release|Win32
		{0C626AF3-8071-4B20-9C58-FF74721E0278}.Release|x86.Build.0 = Release|Win32
		{E7DF594C-8BA5-4066-9C84-3394492DDD7F}.Debug|x64.ActiveCfg = Debug|x64
		{E7DF594C-8BA5-4066-9C84-3394492DDD7F}.Debug|x64.Build.0 = Debug|x64
		{E7DF594C-8BA5-4066-9C84-3394492DDD7F}.Debug|x86.ActiveCfg = Debug|Win32
		{E7DF594C-8BA5-4066-9C84-3394492DDD7F}.Debug|x86.Build.0 = Debug|Win32
		{E7DF594C-8BA5-4066-9C84-3394492DDD7F}.Release|x64.ActiveCfg = Release|x64
		{E7DF594C-8BA5-4066-9C84-3394492DDD7F}.Release|x64.Build.0 = Release|x64
		{E7DF594C-8BA5-4066-9C84-3394492DDD7F}.Release|x86.ActiveCfg = Release|Win32
		{E7DF594C-8BA5-4066-9C84-3394492DDD7F}.Release|x86.Build.0 = Release|Win32
		{5CCBD93D-454D-424E-8032-554E29111EE7}.Debug|x64.ActiveCfg = Debug|x64
		{5CCBD93D-454D-424E-8032-554E29111EE7}.Debug|x64.Build.0 = Debug|x64
		{5CCBD93D-454D-424E-8032-554E29111EE7}.Debug|x86.ActiveCfg = Debug|Win32
		{5CCBD93D-454D-424E-8032-554E29111EE7}.Debug|x86.Build.0 = Debug|Win32
		{5CCBD93D-454D-424E-8032-554E29111EE7}.Release|x64.ActiveCfg = Release|x64
		{5CCBD93D-454D-424E-8032-554E29111EE7}.Release|x64.Build.0 = Release|x64
		{5CCBD93D-454D-424E-8032-554E29111EE7}.Release|x86.ActiveCfg = Release|Win32
		{5CCBD93D-454D-424E-8032-554E29111EE7}.Release|x86.Build.0 = Release|Win32
		{EAE69B0C-2B7A-4767-A8A6-F8A0E69C57B9}.Debug|x64.ActiveCfg = Debug|x64
		{EAE69B0C-2B7A-4767-A8A6-F8A0E69C57B9}.Debug|x64.Build.0 = Debug|x64
		{EAE69B0C-2B7A-4767-A8A6-F8A0E69C57B9}.Debug|x86.ActiveCfg = Debug|Win32
		{EAE69B0C-2B7A-4767-A8A6-F8A0E69C57B9}.Debug|x86.Build.0 = Debug|Win32
		{EAE69B0C-2B7A-4767-A8A6-F8A0E69C57B9}.Release|x64.ActiveCfg = Release|x64
		{EAE69B0C-2B7A-4767-A8A6-F8A0E69C57B9}.Release|x64.Build.0 = Release|x64
		{EAE69B0C-2B7A-4767-A8A6-F8A0E69C57B9}.Release|x86.ActiveCfg = Release|Win32
		{EAE69B0C-2B7A-4767-A8A6-F8A0E69C57B9}.Release|x86.Build.0 = Release|Win32
		{09CAC60E-A4D4-41E6-9A95-FA8F1DBFEC79}.Debug|x64.ActiveCfg = Debug|x64
		{09CAC60E-A4D4-41E6-9A95-FA8F1DBFEC79}.Debug|x64.Build.0 = Debug|x64
		{09CAC60E-A4D4-41E6-9A95-FA8F1DBFEC79}.Debug|x86.ActiveCfg = Debug|Win32
		{09CAC60E-A4D4-41E6-9A95-FA8F1DBFEC79}.Debug|x86.Build.0 = Debug|Win32
		{09CAC60E-A4D4-41E6-9A95-FA8F1DBFEC79}.Release|x64.ActiveCfg = Release|x64
		{09CAC60E-A4D4-41E6-9A95-FA8F1DBFEC79}.Release|x64.Build.0 = Release|x64
		{09CAC60E-A4D4-41E6-9A95-FA8F1DBFEC79}.Release|x86.ActiveCfg = Release|Win32
		{09CAC60E-A4D4-41E6-9A95-FA8F1DBFEC79}.Release|x86.Build.0 = Release|Win32
		{7AEC533C-CD2B-4BD0-A12B-FBDF096F1E78}.Debug|x64.ActiveCfg = Debug|x64
		{7AEC533C-CD2B-4BD0-A12B-FBDF096F1E78}.Debug|x64.Build.0 = Debug|x64
		{7AEC533C-CD2B-4BD0-A12B-FBDF096F1E78}.Debug|x86.ActiveCfg = Debug|Win32
		{7AEC533C-CD2B-4BD0-A12B-FBDF096F1E78}.Debug|x86.Build.0 = Debug|Win32
		{7AEC533C-CD2B-4BD0-A12B-FBDF096F1E78}.Release|x64.ActiveCfg = Release|x64
		{7AEC533C-CD2B-4BD0-A12B-FBDF096F1E78}.Release|x64.Build.0 = Release|x64
		{7AEC533C-CD2B-4BD0-A12B-FBDF096F1E78}.Release|x86.ActiveCfg = Release|Win32
		{7AEC533C-CD2B-4BD0-A12B-FBDF096F1E78}.Release|x86.Build.0 = Release|Win32
	EndGlobalSection
	GlobalSection(SolutionProperties) = preSolution
		HideSolutionNode = FALSE
	EndGlobalSection
	GlobalSection(ExtensibilityGlobals) = postSolution
		SolutionGuid = {56E39E11-90BC-4E53-9796-462545545B87}
	EndGlobalSection
EndGlobal
